
Microsoft Visual Studio Solution File, Format Version 12.00
# Visual Studio for Mac
Project("{FAE04EC0-301F-11D3-BF4B-00C04F79EFBC}") = "Assembly-CSharp", "Assembly-CSharp.csproj", "{9FCBA719-4072-58CB-57DA-B152AF96A550}"
EndProject
Project("{FAE04EC0-301F-11D3-BF4B-00C04F79EFBC}") = "Assembly-CSharp-Editor", "Assembly-CSharp-Editor.csproj", "{198EBCB6-761B-C4ED-8276-186C7AD0BF32}"
EndProject
Global
	GlobalSection(SolutionConfigurationPlatforms) = preSolution
		Debug|Any CPU = Debug|Any CPU
		Release|Any CPU = Release|Any CPU
	EndGlobalSection
	GlobalSection(ProjectConfigurationPlatforms) = postSolution
		{9FCBA719-4072-58CB-57DA-B152AF96A550}.Debug|Any CPU.ActiveCfg = Debug|Any CPU
		{9FCBA719-4072-58CB-57DA-B152AF96A550}.Debug|Any CPU.Build.0 = Debug|Any CPU
		{9FCBA719-4072-58CB-57DA-B152AF96A550}.Release|Any CPU.ActiveCfg = Release|Any CPU
		{9FCBA719-4072-58CB-57DA-B152AF96A550}.Release|Any CPU.Build.0 = Release|Any CPU
		{198EBCB6-761B-C4ED-8276-186C7AD0BF32}.Debug|Any CPU.ActiveCfg = Debug|Any CPU
		{198EBCB6-761B-C4ED-8276-186C7AD0BF32}.Debug|Any CPU.Build.0 = Debug|Any CPU
		{198EBCB6-761B-C4ED-8276-186C7AD0BF32}.Release|Any CPU.ActiveCfg = Release|Any CPU
		{198EBCB6-761B-C4ED-8276-186C7AD0BF32}.Release|Any CPU.Build.0 = Release|Any CPU
	EndGlobalSection
	GlobalSection(SolutionProperties) = preSolution
		HideSolutionNode = FALSE
	EndGlobalSection
EndGlobal
