
Microsoft Visual Studio Solution File, Format Version 12.00
# Visual Studio for Mac
Project("{FAE04EC0-301F-11D3-BF4B-00C04F79EFBC}") = "Assembly-CSharp", "Assembly-CSharp.csproj", "{46AEF726-7AF9-FCC5-D8A1-B449DD1A32C5}"
EndProject
Project("{FAE04EC0-301F-11D3-BF4B-00C04F79EFBC}") = "Assembly-CSharp-Editor", "Assembly-CSharp-Editor.csproj", "{AE329601-2D8B-55D8-017B-2F4B54E17E2E}"
EndProject
Global
	GlobalSection(SolutionConfigurationPlatforms) = preSolution
		Debug|Any CPU = Debug|Any CPU
		Release|Any CPU = Release|Any CPU
	EndGlobalSection
	GlobalSection(ProjectConfigurationPlatforms) = postSolution
		{46AEF726-7AF9-FCC5-D8A1-B449DD1A32C5}.Debug|Any CPU.ActiveCfg = Debug|Any CPU
		{46AEF726-7AF9-FCC5-D8A1-B449DD1A32C5}.Debug|Any CPU.Build.0 = Debug|Any CPU
		{46AEF726-7AF9-FCC5-D8A1-B449DD1A32C5}.Release|Any CPU.ActiveCfg = Release|Any CPU
		{46AEF726-7AF9-FCC5-D8A1-B449DD1A32C5}.Release|Any CPU.Build.0 = Release|Any CPU
		{AE329601-2D8B-55D8-017B-2F4B54E17E2E}.Debug|Any CPU.ActiveCfg = Debug|Any CPU
		{AE329601-2D8B-55D8-017B-2F4B54E17E2E}.Debug|Any CPU.Build.0 = Debug|Any CPU
		{AE329601-2D8B-55D8-017B-2F4B54E17E2E}.Release|Any CPU.ActiveCfg = Release|Any CPU
		{AE329601-2D8B-55D8-017B-2F4B54E17E2E}.Release|Any CPU.Build.0 = Release|Any CPU
	EndGlobalSection
	GlobalSection(SolutionProperties) = preSolution
		HideSolutionNode = FALSE
	EndGlobalSection
EndGlobal
